// !$*UTF8*$!
{
	archiveVersion = 1;
	classes = {
	};
	objectVersion = 55;
	objects = {

/* Begin PBXBuildFile section */
		4119B1A4275777FB0042AD0B /* AppDelegate.swift in Sources */ = {isa = PBXBuildFile; fileRef = 4119B1A3275777FB0042AD0B /* AppDelegate.swift */; };
		4119B1A6275777FB0042AD0B /* SceneDelegate.swift in Sources */ = {isa = PBXBuildFile; fileRef = 4119B1A5275777FB0042AD0B /* SceneDelegate.swift */; };
		4119B1A8275777FB0042AD0B /* ViewController.swift in Sources */ = {isa = PBXBuildFile; fileRef = 4119B1A7275777FB0042AD0B /* ViewController.swift */; };
		4119B1AB275777FB0042AD0B /* Main.storyboard in Resources */ = {isa = PBXBuildFile; fileRef = 4119B1A9275777FB0042AD0B /* Main.storyboard */; };
		4119B1AD275777FC0042AD0B /* Assets.xcassets in Resources */ = {isa = PBXBuildFile; fileRef = 4119B1AC275777FC0042AD0B /* Assets.xcassets */; };
		4119B1B0275777FC0042AD0B /* LaunchScreen.storyboard in Resources */ = {isa = PBXBuildFile; fileRef = 4119B1AE275777FC0042AD0B /* LaunchScreen.storyboard */; };
		4119B1CA275784CC0042AD0B /* LaunchPagePresenter.swift in Sources */ = {isa = PBXBuildFile; fileRef = 4119B1C4275784CC0042AD0B /* LaunchPagePresenter.swift */; };
		4119B1CB275784CC0042AD0B /* LaunchPageRouter.swift in Sources */ = {isa = PBXBuildFile; fileRef = 4119B1C5275784CC0042AD0B /* LaunchPageRouter.swift */; };
		4119B1CC275784CC0042AD0B /* LaunchPageViewController.swift in Sources */ = {isa = PBXBuildFile; fileRef = 4119B1C6275784CC0042AD0B /* LaunchPageViewController.swift */; };
		4119B1CD275784CC0042AD0B /* LaunchPageProtocols.swift in Sources */ = {isa = PBXBuildFile; fileRef = 4119B1C7275784CC0042AD0B /* LaunchPageProtocols.swift */; };
		4119B1CE275784CC0042AD0B /* LaunchPageInteractor.swift in Sources */ = {isa = PBXBuildFile; fileRef = 4119B1C8275784CC0042AD0B /* LaunchPageInteractor.swift */; };
		4119B1CF275784CD0042AD0B /* LaunchPageViewController.xib in Resources */ = {isa = PBXBuildFile; fileRef = 4119B1C9275784CC0042AD0B /* LaunchPageViewController.xib */; };
		4119B1D927578C660042AD0B /* LoginPagePresenter.swift in Sources */ = {isa = PBXBuildFile; fileRef = 4119B1D327578C660042AD0B /* LoginPagePresenter.swift */; };
		4119B1DA27578C660042AD0B /* LoginPageRouter.swift in Sources */ = {isa = PBXBuildFile; fileRef = 4119B1D427578C660042AD0B /* LoginPageRouter.swift */; };
		4119B1DB27578C660042AD0B /* LoginPageViewController.swift in Sources */ = {isa = PBXBuildFile; fileRef = 4119B1D527578C660042AD0B /* LoginPageViewController.swift */; };
		4119B1DC27578C660042AD0B /* LoginPageProtocols.swift in Sources */ = {isa = PBXBuildFile; fileRef = 4119B1D627578C660042AD0B /* LoginPageProtocols.swift */; };
		4119B1DD27578C660042AD0B /* LoginPageInteractor.swift in Sources */ = {isa = PBXBuildFile; fileRef = 4119B1D727578C660042AD0B /* LoginPageInteractor.swift */; };
		4119B1DE27578C660042AD0B /* LoginPageViewController.xib in Resources */ = {isa = PBXBuildFile; fileRef = 4119B1D827578C660042AD0B /* LoginPageViewController.xib */; };
		414299392758D71D00049E93 /* MainPagePresenter.swift in Sources */ = {isa = PBXBuildFile; fileRef = 414299332758D71D00049E93 /* MainPagePresenter.swift */; };
		4142993A2758D71D00049E93 /* MainPageRouter.swift in Sources */ = {isa = PBXBuildFile; fileRef = 414299342758D71D00049E93 /* MainPageRouter.swift */; };
		4142993B2758D71D00049E93 /* MainPageViewController.swift in Sources */ = {isa = PBXBuildFile; fileRef = 414299352758D71D00049E93 /* MainPageViewController.swift */; };
		4142993C2758D71D00049E93 /* MainPageProtocols.swift in Sources */ = {isa = PBXBuildFile; fileRef = 414299362758D71D00049E93 /* MainPageProtocols.swift */; };
		4142993D2758D71D00049E93 /* MainPageInteractor.swift in Sources */ = {isa = PBXBuildFile; fileRef = 414299372758D71D00049E93 /* MainPageInteractor.swift */; };
		4142993E2758D71D00049E93 /* MainPageViewController.xib in Resources */ = {isa = PBXBuildFile; fileRef = 414299382758D71D00049E93 /* MainPageViewController.xib */; };
		414299472758D78800049E93 /* RegisterPagePresenter.swift in Sources */ = {isa = PBXBuildFile; fileRef = 414299412758D78800049E93 /* RegisterPagePresenter.swift */; };
		414299482758D78800049E93 /* RegisterPageRouter.swift in Sources */ = {isa = PBXBuildFile; fileRef = 414299422758D78800049E93 /* RegisterPageRouter.swift */; };
		414299492758D78800049E93 /* RegisterPageViewController.swift in Sources */ = {isa = PBXBuildFile; fileRef = 414299432758D78800049E93 /* RegisterPageViewController.swift */; };
		4142994A2758D78800049E93 /* RegisterPageProtocols.swift in Sources */ = {isa = PBXBuildFile; fileRef = 414299442758D78800049E93 /* RegisterPageProtocols.swift */; };
		4142994B2758D78800049E93 /* RegisterPageInteractor.swift in Sources */ = {isa = PBXBuildFile; fileRef = 414299452758D78800049E93 /* RegisterPageInteractor.swift */; };
		4142994C2758D78800049E93 /* RegisterPageViewController.xib in Resources */ = {isa = PBXBuildFile; fileRef = 414299462758D78800049E93 /* RegisterPageViewController.xib */; };
		4192C0B227608C39008B82B0 /* GoogleService-Info.plist in Resources */ = {isa = PBXBuildFile; fileRef = 4192C0B127608C39008B82B0 /* GoogleService-Info.plist */; };
		4196A6C727676B0F0084C7F5 /* MenuPagePresenter.swift in Sources */ = {isa = PBXBuildFile; fileRef = 4196A6C127676B0F0084C7F5 /* MenuPagePresenter.swift */; };
		4196A6C827676B0F0084C7F5 /* MenuPageRouter.swift in Sources */ = {isa = PBXBuildFile; fileRef = 4196A6C227676B0F0084C7F5 /* MenuPageRouter.swift */; };
		4196A6C927676B0F0084C7F5 /* MenuPageViewController.swift in Sources */ = {isa = PBXBuildFile; fileRef = 4196A6C327676B0F0084C7F5 /* MenuPageViewController.swift */; };
		4196A6CA27676B0F0084C7F5 /* MenuPageProtocols.swift in Sources */ = {isa = PBXBuildFile; fileRef = 4196A6C427676B0F0084C7F5 /* MenuPageProtocols.swift */; };
		4196A6CB27676B0F0084C7F5 /* MenuPageInteractor.swift in Sources */ = {isa = PBXBuildFile; fileRef = 4196A6C527676B0F0084C7F5 /* MenuPageInteractor.swift */; };
		4196A6CC27676B0F0084C7F5 /* MenuPageViewController.xib in Resources */ = {isa = PBXBuildFile; fileRef = 4196A6C627676B0F0084C7F5 /* MenuPageViewController.xib */; };
		41A95CD527759B320013E081 /* AlertService.swift in Sources */ = {isa = PBXBuildFile; fileRef = 41A95CD427759B320013E081 /* AlertService.swift */; };
		41AD6B6027688885008BB91A /* testPushNotification.apns in Resources */ = {isa = PBXBuildFile; fileRef = 41AD6B5F27688885008BB91A /* testPushNotification.apns */; };
		41AD6B642768994E008BB91A /* MenuTableViewCell.swift in Sources */ = {isa = PBXBuildFile; fileRef = 41AD6B622768994E008BB91A /* MenuTableViewCell.swift */; };
		41AD6B652768994E008BB91A /* MenuTableViewCell.xib in Resources */ = {isa = PBXBuildFile; fileRef = 41AD6B632768994E008BB91A /* MenuTableViewCell.xib */; };
		41AD6B6727689BEA008BB91A /* MenuPageEntity.swift in Sources */ = {isa = PBXBuildFile; fileRef = 41AD6B6627689BEA008BB91A /* MenuPageEntity.swift */; };
		41ADFBBE278562FE003CABEB /* CustomTextField.swift in Sources */ = {isa = PBXBuildFile; fileRef = 41ADFBBD278562FE003CABEB /* CustomTextField.swift */; };
		41AE63E3277048680077C21F /* HistoryPagePresenter.swift in Sources */ = {isa = PBXBuildFile; fileRef = 41AE63DD277048680077C21F /* HistoryPagePresenter.swift */; };
		41AE63E4277048680077C21F /* HistoryPageRouter.swift in Sources */ = {isa = PBXBuildFile; fileRef = 41AE63DE277048680077C21F /* HistoryPageRouter.swift */; };
		41AE63E5277048680077C21F /* HistoryPageViewController.swift in Sources */ = {isa = PBXBuildFile; fileRef = 41AE63DF277048680077C21F /* HistoryPageViewController.swift */; };
		41AE63E6277048680077C21F /* HistoryPageProtocols.swift in Sources */ = {isa = PBXBuildFile; fileRef = 41AE63E0277048680077C21F /* HistoryPageProtocols.swift */; };
		41AE63E7277048680077C21F /* HistoryPageInteractor.swift in Sources */ = {isa = PBXBuildFile; fileRef = 41AE63E1277048680077C21F /* HistoryPageInteractor.swift */; };
		41AE63E8277048680077C21F /* HistoryPageViewController.xib in Resources */ = {isa = PBXBuildFile; fileRef = 41AE63E2277048680077C21F /* HistoryPageViewController.xib */; };
		41AE63EC27705E2F0077C21F /* HistoryTableViewCell.swift in Sources */ = {isa = PBXBuildFile; fileRef = 41AE63EA27705E2F0077C21F /* HistoryTableViewCell.swift */; };
		41AE63ED27705E2F0077C21F /* HistoryTableViewCell.xib in Resources */ = {isa = PBXBuildFile; fileRef = 41AE63EB27705E2F0077C21F /* HistoryTableViewCell.xib */; };
		41AE63EF27705F820077C21F /* HistoryPageEntity.swift in Sources */ = {isa = PBXBuildFile; fileRef = 41AE63EE27705F820077C21F /* HistoryPageEntity.swift */; };
		41B03932276C34AB00366478 /* ProfilePagePresenter.swift in Sources */ = {isa = PBXBuildFile; fileRef = 41B0392C276C34AB00366478 /* ProfilePagePresenter.swift */; };
		41B03933276C34AB00366478 /* ProfilePageRouter.swift in Sources */ = {isa = PBXBuildFile; fileRef = 41B0392D276C34AB00366478 /* ProfilePageRouter.swift */; };
		41B03934276C34AB00366478 /* ProfilePageViewController.swift in Sources */ = {isa = PBXBuildFile; fileRef = 41B0392E276C34AB00366478 /* ProfilePageViewController.swift */; };
		41B03935276C34AB00366478 /* ProfilePageProtocols.swift in Sources */ = {isa = PBXBuildFile; fileRef = 41B0392F276C34AB00366478 /* ProfilePageProtocols.swift */; };
		41B03936276C34AB00366478 /* ProfilePageInteractor.swift in Sources */ = {isa = PBXBuildFile; fileRef = 41B03930276C34AB00366478 /* ProfilePageInteractor.swift */; };
		41B03937276C34AB00366478 /* ProfilePageViewController.xib in Resources */ = {isa = PBXBuildFile; fileRef = 41B03931276C34AB00366478 /* ProfilePageViewController.xib */; };
		41B03939276C4A6500366478 /* ProfilePageEntity.swift in Sources */ = {isa = PBXBuildFile; fileRef = 41B03938276C4A6500366478 /* ProfilePageEntity.swift */; };
		46E302C6A2066CD1E589AEB2 /* Pods_clockInOut.framework in Frameworks */ = {isa = PBXBuildFile; fileRef = CFC50AACE0BA2F20E984FC21 /* Pods_clockInOut.framework */; };
/* End PBXBuildFile section */

/* Begin PBXFileReference section */
		4119B1A0275777FB0042AD0B /* clockInOut.app */ = {isa = PBXFileReference; explicitFileType = wrapper.application; includeInIndex = 0; path = clockInOut.app; sourceTree = BUILT_PRODUCTS_DIR; };
		4119B1A3275777FB0042AD0B /* AppDelegate.swift */ = {isa = PBXFileReference; lastKnownFileType = sourcecode.swift; path = AppDelegate.swift; sourceTree = "<group>"; };
		4119B1A5275777FB0042AD0B /* SceneDelegate.swift */ = {isa = PBXFileReference; lastKnownFileType = sourcecode.swift; path = SceneDelegate.swift; sourceTree = "<group>"; };
		4119B1A7275777FB0042AD0B /* ViewController.swift */ = {isa = PBXFileReference; lastKnownFileType = sourcecode.swift; path = ViewController.swift; sourceTree = "<group>"; };
		4119B1AA275777FB0042AD0B /* Base */ = {isa = PBXFileReference; lastKnownFileType = file.storyboard; name = Base; path = Base.lproj/Main.storyboard; sourceTree = "<group>"; };
		4119B1AC275777FC0042AD0B /* Assets.xcassets */ = {isa = PBXFileReference; lastKnownFileType = folder.assetcatalog; path = Assets.xcassets; sourceTree = "<group>"; };
		4119B1AF275777FC0042AD0B /* Base */ = {isa = PBXFileReference; lastKnownFileType = file.storyboard; name = Base; path = Base.lproj/LaunchScreen.storyboard; sourceTree = "<group>"; };
		4119B1B1275777FC0042AD0B /* Info.plist */ = {isa = PBXFileReference; lastKnownFileType = text.plist.xml; path = Info.plist; sourceTree = "<group>"; };
		4119B1C4275784CC0042AD0B /* LaunchPagePresenter.swift */ = {isa = PBXFileReference; lastKnownFileType = sourcecode.swift; path = LaunchPagePresenter.swift; sourceTree = "<group>"; };
		4119B1C5275784CC0042AD0B /* LaunchPageRouter.swift */ = {isa = PBXFileReference; lastKnownFileType = sourcecode.swift; path = LaunchPageRouter.swift; sourceTree = "<group>"; };
		4119B1C6275784CC0042AD0B /* LaunchPageViewController.swift */ = {isa = PBXFileReference; lastKnownFileType = sourcecode.swift; path = LaunchPageViewController.swift; sourceTree = "<group>"; };
		4119B1C7275784CC0042AD0B /* LaunchPageProtocols.swift */ = {isa = PBXFileReference; lastKnownFileType = sourcecode.swift; path = LaunchPageProtocols.swift; sourceTree = "<group>"; };
		4119B1C8275784CC0042AD0B /* LaunchPageInteractor.swift */ = {isa = PBXFileReference; lastKnownFileType = sourcecode.swift; path = LaunchPageInteractor.swift; sourceTree = "<group>"; };
		4119B1C9275784CC0042AD0B /* LaunchPageViewController.xib */ = {isa = PBXFileReference; lastKnownFileType = file.xib; path = LaunchPageViewController.xib; sourceTree = "<group>"; };
		4119B1D327578C660042AD0B /* LoginPagePresenter.swift */ = {isa = PBXFileReference; lastKnownFileType = sourcecode.swift; path = LoginPagePresenter.swift; sourceTree = "<group>"; };
		4119B1D427578C660042AD0B /* LoginPageRouter.swift */ = {isa = PBXFileReference; lastKnownFileType = sourcecode.swift; path = LoginPageRouter.swift; sourceTree = "<group>"; };
		4119B1D527578C660042AD0B /* LoginPageViewController.swift */ = {isa = PBXFileReference; lastKnownFileType = sourcecode.swift; path = LoginPageViewController.swift; sourceTree = "<group>"; };
		4119B1D627578C660042AD0B /* LoginPageProtocols.swift */ = {isa = PBXFileReference; lastKnownFileType = sourcecode.swift; path = LoginPageProtocols.swift; sourceTree = "<group>"; };
		4119B1D727578C660042AD0B /* LoginPageInteractor.swift */ = {isa = PBXFileReference; lastKnownFileType = sourcecode.swift; path = LoginPageInteractor.swift; sourceTree = "<group>"; };
		4119B1D827578C660042AD0B /* LoginPageViewController.xib */ = {isa = PBXFileReference; lastKnownFileType = file.xib; path = LoginPageViewController.xib; sourceTree = "<group>"; };
		414299332758D71D00049E93 /* MainPagePresenter.swift */ = {isa = PBXFileReference; lastKnownFileType = sourcecode.swift; path = MainPagePresenter.swift; sourceTree = "<group>"; };
		414299342758D71D00049E93 /* MainPageRouter.swift */ = {isa = PBXFileReference; lastKnownFileType = sourcecode.swift; path = MainPageRouter.swift; sourceTree = "<group>"; };
		414299352758D71D00049E93 /* MainPageViewController.swift */ = {isa = PBXFileReference; lastKnownFileType = sourcecode.swift; path = MainPageViewController.swift; sourceTree = "<group>"; };
		414299362758D71D00049E93 /* MainPageProtocols.swift */ = {isa = PBXFileReference; lastKnownFileType = sourcecode.swift; path = MainPageProtocols.swift; sourceTree = "<group>"; };
		414299372758D71D00049E93 /* MainPageInteractor.swift */ = {isa = PBXFileReference; lastKnownFileType = sourcecode.swift; path = MainPageInteractor.swift; sourceTree = "<group>"; };
		414299382758D71D00049E93 /* MainPageViewController.xib */ = {isa = PBXFileReference; lastKnownFileType = file.xib; path = MainPageViewController.xib; sourceTree = "<group>"; };
		414299412758D78800049E93 /* RegisterPagePresenter.swift */ = {isa = PBXFileReference; lastKnownFileType = sourcecode.swift; path = RegisterPagePresenter.swift; sourceTree = "<group>"; };
		414299422758D78800049E93 /* RegisterPageRouter.swift */ = {isa = PBXFileReference; lastKnownFileType = sourcecode.swift; path = RegisterPageRouter.swift; sourceTree = "<group>"; };
		414299432758D78800049E93 /* RegisterPageViewController.swift */ = {isa = PBXFileReference; lastKnownFileType = sourcecode.swift; path = RegisterPageViewController.swift; sourceTree = "<group>"; };
		414299442758D78800049E93 /* RegisterPageProtocols.swift */ = {isa = PBXFileReference; lastKnownFileType = sourcecode.swift; path = RegisterPageProtocols.swift; sourceTree = "<group>"; };
		414299452758D78800049E93 /* RegisterPageInteractor.swift */ = {isa = PBXFileReference; lastKnownFileType = sourcecode.swift; path = RegisterPageInteractor.swift; sourceTree = "<group>"; };
		414299462758D78800049E93 /* RegisterPageViewController.xib */ = {isa = PBXFileReference; lastKnownFileType = file.xib; path = RegisterPageViewController.xib; sourceTree = "<group>"; };
		4192C0B02760899A008B82B0 /* clockInOut.entitlements */ = {isa = PBXFileReference; lastKnownFileType = text.plist.entitlements; path = clockInOut.entitlements; sourceTree = "<group>"; };
		4192C0B127608C39008B82B0 /* GoogleService-Info.plist */ = {isa = PBXFileReference; fileEncoding = 4; lastKnownFileType = text.plist.xml; path = "GoogleService-Info.plist"; sourceTree = "<group>"; };
		4196A6C127676B0F0084C7F5 /* MenuPagePresenter.swift */ = {isa = PBXFileReference; lastKnownFileType = sourcecode.swift; path = MenuPagePresenter.swift; sourceTree = "<group>"; };
		4196A6C227676B0F0084C7F5 /* MenuPageRouter.swift */ = {isa = PBXFileReference; lastKnownFileType = sourcecode.swift; path = MenuPageRouter.swift; sourceTree = "<group>"; };
		4196A6C327676B0F0084C7F5 /* MenuPageViewController.swift */ = {isa = PBXFileReference; lastKnownFileType = sourcecode.swift; path = MenuPageViewController.swift; sourceTree = "<group>"; };
		4196A6C427676B0F0084C7F5 /* MenuPageProtocols.swift */ = {isa = PBXFileReference; lastKnownFileType = sourcecode.swift; path = MenuPageProtocols.swift; sourceTree = "<group>"; };
		4196A6C527676B0F0084C7F5 /* MenuPageInteractor.swift */ = {isa = PBXFileReference; lastKnownFileType = sourcecode.swift; path = MenuPageInteractor.swift; sourceTree = "<group>"; };
		4196A6C627676B0F0084C7F5 /* MenuPageViewController.xib */ = {isa = PBXFileReference; lastKnownFileType = file.xib; path = MenuPageViewController.xib; sourceTree = "<group>"; };
		41A95CD427759B320013E081 /* AlertService.swift */ = {isa = PBXFileReference; lastKnownFileType = sourcecode.swift; path = AlertService.swift; sourceTree = "<group>"; };
		41AD6B5F27688885008BB91A /* testPushNotification.apns */ = {isa = PBXFileReference; lastKnownFileType = text; path = testPushNotification.apns; sourceTree = "<group>"; };
		41AD6B622768994E008BB91A /* MenuTableViewCell.swift */ = {isa = PBXFileReference; lastKnownFileType = sourcecode.swift; path = MenuTableViewCell.swift; sourceTree = "<group>"; };
		41AD6B632768994E008BB91A /* MenuTableViewCell.xib */ = {isa = PBXFileReference; lastKnownFileType = file.xib; path = MenuTableViewCell.xib; sourceTree = "<group>"; };
		41AD6B6627689BEA008BB91A /* MenuPageEntity.swift */ = {isa = PBXFileReference; lastKnownFileType = sourcecode.swift; path = MenuPageEntity.swift; sourceTree = "<group>"; };
		41ADFBBD278562FE003CABEB /* CustomTextField.swift */ = {isa = PBXFileReference; lastKnownFileType = sourcecode.swift; path = CustomTextField.swift; sourceTree = "<group>"; };
		41AE63DD277048680077C21F /* HistoryPagePresenter.swift */ = {isa = PBXFileReference; lastKnownFileType = sourcecode.swift; path = HistoryPagePresenter.swift; sourceTree = "<group>"; };
		41AE63DE277048680077C21F /* HistoryPageRouter.swift */ = {isa = PBXFileReference; lastKnownFileType = sourcecode.swift; path = HistoryPageRouter.swift; sourceTree = "<group>"; };
		41AE63DF277048680077C21F /* HistoryPageViewController.swift */ = {isa = PBXFileReference; lastKnownFileType = sourcecode.swift; path = HistoryPageViewController.swift; sourceTree = "<group>"; };
		41AE63E0277048680077C21F /* HistoryPageProtocols.swift */ = {isa = PBXFileReference; lastKnownFileType = sourcecode.swift; path = HistoryPageProtocols.swift; sourceTree = "<group>"; };
		41AE63E1277048680077C21F /* HistoryPageInteractor.swift */ = {isa = PBXFileReference; lastKnownFileType = sourcecode.swift; path = HistoryPageInteractor.swift; sourceTree = "<group>"; };
		41AE63E2277048680077C21F /* HistoryPageViewController.xib */ = {isa = PBXFileReference; lastKnownFileType = file.xib; path = HistoryPageViewController.xib; sourceTree = "<group>"; };
		41AE63EA27705E2F0077C21F /* HistoryTableViewCell.swift */ = {isa = PBXFileReference; lastKnownFileType = sourcecode.swift; path = HistoryTableViewCell.swift; sourceTree = "<group>"; };
		41AE63EB27705E2F0077C21F /* HistoryTableViewCell.xib */ = {isa = PBXFileReference; lastKnownFileType = file.xib; path = HistoryTableViewCell.xib; sourceTree = "<group>"; };
		41AE63EE27705F820077C21F /* HistoryPageEntity.swift */ = {isa = PBXFileReference; lastKnownFileType = sourcecode.swift; path = HistoryPageEntity.swift; sourceTree = "<group>"; };
		41B0392C276C34AB00366478 /* ProfilePagePresenter.swift */ = {isa = PBXFileReference; lastKnownFileType = sourcecode.swift; path = ProfilePagePresenter.swift; sourceTree = "<group>"; };
		41B0392D276C34AB00366478 /* ProfilePageRouter.swift */ = {isa = PBXFileReference; lastKnownFileType = sourcecode.swift; path = ProfilePageRouter.swift; sourceTree = "<group>"; };
		41B0392E276C34AB00366478 /* ProfilePageViewController.swift */ = {isa = PBXFileReference; lastKnownFileType = sourcecode.swift; path = ProfilePageViewController.swift; sourceTree = "<group>"; };
		41B0392F276C34AB00366478 /* ProfilePageProtocols.swift */ = {isa = PBXFileReference; lastKnownFileType = sourcecode.swift; path = ProfilePageProtocols.swift; sourceTree = "<group>"; };
		41B03930276C34AB00366478 /* ProfilePageInteractor.swift */ = {isa = PBXFileReference; lastKnownFileType = sourcecode.swift; path = ProfilePageInteractor.swift; sourceTree = "<group>"; };
		41B03931276C34AB00366478 /* ProfilePageViewController.xib */ = {isa = PBXFileReference; lastKnownFileType = file.xib; path = ProfilePageViewController.xib; sourceTree = "<group>"; };
		41B03938276C4A6500366478 /* ProfilePageEntity.swift */ = {isa = PBXFileReference; lastKnownFileType = sourcecode.swift; path = ProfilePageEntity.swift; sourceTree = "<group>"; };
		43E1732FF5FFAD808FF1C43D /* Pods-clockInOut.release.xcconfig */ = {isa = PBXFileReference; includeInIndex = 1; lastKnownFileType = text.xcconfig; name = "Pods-clockInOut.release.xcconfig"; path = "Target Support Files/Pods-clockInOut/Pods-clockInOut.release.xcconfig"; sourceTree = "<group>"; };
		CFC50AACE0BA2F20E984FC21 /* Pods_clockInOut.framework */ = {isa = PBXFileReference; explicitFileType = wrapper.framework; includeInIndex = 0; path = Pods_clockInOut.framework; sourceTree = BUILT_PRODUCTS_DIR; };
		FA49B209AA4134F5079D0180 /* Pods-clockInOut.debug.xcconfig */ = {isa = PBXFileReference; includeInIndex = 1; lastKnownFileType = text.xcconfig; name = "Pods-clockInOut.debug.xcconfig"; path = "Target Support Files/Pods-clockInOut/Pods-clockInOut.debug.xcconfig"; sourceTree = "<group>"; };
/* End PBXFileReference section */

/* Begin PBXFrameworksBuildPhase section */
		4119B19D275777FA0042AD0B /* Frameworks */ = {
			isa = PBXFrameworksBuildPhase;
			buildActionMask = 2147483647;
			files = (
				46E302C6A2066CD1E589AEB2 /* Pods_clockInOut.framework in Frameworks */,
			);
			runOnlyForDeploymentPostprocessing = 0;
		};
/* End PBXFrameworksBuildPhase section */

/* Begin PBXGroup section */
		4119B197275777FA0042AD0B = {
			isa = PBXGroup;
			children = (
				4119B1A2275777FB0042AD0B /* clockInOut */,
				4119B1A1275777FB0042AD0B /* Products */,
				6F8EDF4AEED9948C153320CB /* Pods */,
				523D587C6D3E8CF7C3B536B8 /* Frameworks */,
			);
			sourceTree = "<group>";
		};
		4119B1A1275777FB0042AD0B /* Products */ = {
			isa = PBXGroup;
			children = (
				4119B1A0275777FB0042AD0B /* clockInOut.app */,
			);
			name = Products;
			sourceTree = "<group>";
		};
		4119B1A2275777FB0042AD0B /* clockInOut */ = {
			isa = PBXGroup;
			children = (
				4192C0B02760899A008B82B0 /* clockInOut.entitlements */,
				41BFFCD82759EE8400768F5D /* extension */,
				4119B1C3275784870042AD0B /* launch_page */,
				4119B1D227578C4D0042AD0B /* login_page */,
				414299402758D75000049E93 /* register_page */,
				414299322758D70000049E93 /* main_page */,
				41AE63DC277048460077C21F /* history_page */,
				4196A6C027676AD40084C7F5 /* menu_page */,
				41B0392B276C348300366478 /* profile_page */,
				4119B1A3275777FB0042AD0B /* AppDelegate.swift */,
				4119B1A5275777FB0042AD0B /* SceneDelegate.swift */,
				4119B1A7275777FB0042AD0B /* ViewController.swift */,
				4119B1A9275777FB0042AD0B /* Main.storyboard */,
				4119B1AC275777FC0042AD0B /* Assets.xcassets */,
				4119B1AE275777FC0042AD0B /* LaunchScreen.storyboard */,
				41AD6B5F27688885008BB91A /* testPushNotification.apns */,
				4119B1B1275777FC0042AD0B /* Info.plist */,
				4192C0B127608C39008B82B0 /* GoogleService-Info.plist */,
			);
			path = clockInOut;
			sourceTree = "<group>";
		};
		4119B1C3275784870042AD0B /* launch_page */ = {
			isa = PBXGroup;
			children = (
				4119B1C4275784CC0042AD0B /* LaunchPagePresenter.swift */,
				4119B1C5275784CC0042AD0B /* LaunchPageRouter.swift */,
				4119B1C6275784CC0042AD0B /* LaunchPageViewController.swift */,
				4119B1C7275784CC0042AD0B /* LaunchPageProtocols.swift */,
				4119B1C8275784CC0042AD0B /* LaunchPageInteractor.swift */,
				4119B1C9275784CC0042AD0B /* LaunchPageViewController.xib */,
			);
			path = launch_page;
			sourceTree = "<group>";
		};
		4119B1D227578C4D0042AD0B /* login_page */ = {
			isa = PBXGroup;
			children = (
				4119B1D327578C660042AD0B /* LoginPagePresenter.swift */,
				4119B1D827578C660042AD0B /* LoginPageViewController.xib */,
				4119B1D427578C660042AD0B /* LoginPageRouter.swift */,
				4119B1D527578C660042AD0B /* LoginPageViewController.swift */,
				4119B1D627578C660042AD0B /* LoginPageProtocols.swift */,
				4119B1D727578C660042AD0B /* LoginPageInteractor.swift */,
			);
			path = login_page;
			sourceTree = "<group>";
		};
		414299322758D70000049E93 /* main_page */ = {
			isa = PBXGroup;
			children = (
				414299332758D71D00049E93 /* MainPagePresenter.swift */,
				414299342758D71D00049E93 /* MainPageRouter.swift */,
				414299352758D71D00049E93 /* MainPageViewController.swift */,
				414299362758D71D00049E93 /* MainPageProtocols.swift */,
				414299372758D71D00049E93 /* MainPageInteractor.swift */,
				414299382758D71D00049E93 /* MainPageViewController.xib */,
			);
			path = main_page;
			sourceTree = "<group>";
		};
		414299402758D75000049E93 /* register_page */ = {
			isa = PBXGroup;
			children = (
				414299412758D78800049E93 /* RegisterPagePresenter.swift */,
				414299422758D78800049E93 /* RegisterPageRouter.swift */,
				414299432758D78800049E93 /* RegisterPageViewController.swift */,
				414299442758D78800049E93 /* RegisterPageProtocols.swift */,
				414299452758D78800049E93 /* RegisterPageInteractor.swift */,
				414299462758D78800049E93 /* RegisterPageViewController.xib */,
			);
			path = register_page;
			sourceTree = "<group>";
		};
		4196A6C027676AD40084C7F5 /* menu_page */ = {
			isa = PBXGroup;
			children = (
				41AD6B6127689920008BB91A /* cell */,
				4196A6C127676B0F0084C7F5 /* MenuPagePresenter.swift */,
				4196A6C227676B0F0084C7F5 /* MenuPageRouter.swift */,
				4196A6C327676B0F0084C7F5 /* MenuPageViewController.swift */,
				4196A6C427676B0F0084C7F5 /* MenuPageProtocols.swift */,
				4196A6C527676B0F0084C7F5 /* MenuPageInteractor.swift */,
				4196A6C627676B0F0084C7F5 /* MenuPageViewController.xib */,
				41AD6B6627689BEA008BB91A /* MenuPageEntity.swift */,
			);
			path = menu_page;
			sourceTree = "<group>";
		};
		41AD6B6127689920008BB91A /* cell */ = {
			isa = PBXGroup;
			children = (
				41AD6B622768994E008BB91A /* MenuTableViewCell.swift */,
				41AD6B632768994E008BB91A /* MenuTableViewCell.xib */,
			);
			path = cell;
			sourceTree = "<group>";
		};
		41AE63DC277048460077C21F /* history_page */ = {
			isa = PBXGroup;
			children = (
				41AE63E927705C400077C21F /* cell */,
				41AE63DD277048680077C21F /* HistoryPagePresenter.swift */,
				41AE63DE277048680077C21F /* HistoryPageRouter.swift */,
				41AE63DF277048680077C21F /* HistoryPageViewController.swift */,
				41AE63E0277048680077C21F /* HistoryPageProtocols.swift */,
				41AE63E1277048680077C21F /* HistoryPageInteractor.swift */,
				41AE63E2277048680077C21F /* HistoryPageViewController.xib */,
				41AE63EE27705F820077C21F /* HistoryPageEntity.swift */,
			);
			path = history_page;
			sourceTree = "<group>";
		};
		41AE63E927705C400077C21F /* cell */ = {
			isa = PBXGroup;
			children = (
				41AE63EA27705E2F0077C21F /* HistoryTableViewCell.swift */,
				41AE63EB27705E2F0077C21F /* HistoryTableViewCell.xib */,
			);
			path = cell;
			sourceTree = "<group>";
		};
		41B0392B276C348300366478 /* profile_page */ = {
			isa = PBXGroup;
			children = (
				41B0392C276C34AB00366478 /* ProfilePagePresenter.swift */,
				41B0392D276C34AB00366478 /* ProfilePageRouter.swift */,
				41B0392E276C34AB00366478 /* ProfilePageViewController.swift */,
				41B0392F276C34AB00366478 /* ProfilePageProtocols.swift */,
				41B03930276C34AB00366478 /* ProfilePageInteractor.swift */,
				41B03931276C34AB00366478 /* ProfilePageViewController.xib */,
				41B03938276C4A6500366478 /* ProfilePageEntity.swift */,
			);
			path = profile_page;
			sourceTree = "<group>";
		};
		41BFFCD82759EE8400768F5D /* extension */ = {
			isa = PBXGroup;
			children = (
				41A95CD427759B320013E081 /* AlertService.swift */,
				41ADFBBD278562FE003CABEB /* CustomTextField.swift */,
			);
			path = extension;
			sourceTree = "<group>";
		};
		523D587C6D3E8CF7C3B536B8 /* Frameworks */ = {
			isa = PBXGroup;
			children = (
				CFC50AACE0BA2F20E984FC21 /* Pods_clockInOut.framework */,
			);
			name = Frameworks;
			sourceTree = "<group>";
		};
		6F8EDF4AEED9948C153320CB /* Pods */ = {
			isa = PBXGroup;
			children = (
				FA49B209AA4134F5079D0180 /* Pods-clockInOut.debug.xcconfig */,
				43E1732FF5FFAD808FF1C43D /* Pods-clockInOut.release.xcconfig */,
			);
			path = Pods;
			sourceTree = "<group>";
		};
/* End PBXGroup section */

/* Begin PBXNativeTarget section */
		4119B19F275777FA0042AD0B /* clockInOut */ = {
			isa = PBXNativeTarget;
			buildConfigurationList = 4119B1B4275777FC0042AD0B /* Build configuration list for PBXNativeTarget "clockInOut" */;
			buildPhases = (
				160A67AA1DFFD0E66DA826F0 /* [CP] Check Pods Manifest.lock */,
				4119B19C275777FA0042AD0B /* Sources */,
				4119B19D275777FA0042AD0B /* Frameworks */,
				4119B19E275777FA0042AD0B /* Resources */,
				9098135A12A832B501DF8964 /* [CP] Embed Pods Frameworks */,
			);
			buildRules = (
			);
			dependencies = (
			);
			name = clockInOut;
			productName = clockInOut;
			productReference = 4119B1A0275777FB0042AD0B /* clockInOut.app */;
			productType = "com.apple.product-type.application";
		};
/* End PBXNativeTarget section */

/* Begin PBXProject section */
		4119B198275777FA0042AD0B /* Project object */ = {
			isa = PBXProject;
			attributes = {
				BuildIndependentTargetsInParallel = 1;
				LastSwiftUpdateCheck = 1310;
				LastUpgradeCheck = 1310;
				TargetAttributes = {
					4119B19F275777FA0042AD0B = {
						CreatedOnToolsVersion = 13.1;
					};
				};
			};
			buildConfigurationList = 4119B19B275777FA0042AD0B /* Build configuration list for PBXProject "clockInOut" */;
			compatibilityVersion = "Xcode 13.0";
			developmentRegion = en;
			hasScannedForEncodings = 0;
			knownRegions = (
				en,
				Base,
			);
			mainGroup = 4119B197275777FA0042AD0B;
			productRefGroup = 4119B1A1275777FB0042AD0B /* Products */;
			projectDirPath = "";
			projectRoot = "";
			targets = (
				4119B19F275777FA0042AD0B /* clockInOut */,
			);
		};
/* End PBXProject section */

/* Begin PBXResourcesBuildPhase section */
		4119B19E275777FA0042AD0B /* Resources */ = {
			isa = PBXResourcesBuildPhase;
			buildActionMask = 2147483647;
			files = (
				4142994C2758D78800049E93 /* RegisterPageViewController.xib in Resources */,
				41AE63E8277048680077C21F /* HistoryPageViewController.xib in Resources */,
				4119B1CF275784CD0042AD0B /* LaunchPageViewController.xib in Resources */,
				4192C0B227608C39008B82B0 /* GoogleService-Info.plist in Resources */,
				4119B1DE27578C660042AD0B /* LoginPageViewController.xib in Resources */,
				4142993E2758D71D00049E93 /* MainPageViewController.xib in Resources */,
				4119B1B0275777FC0042AD0B /* LaunchScreen.storyboard in Resources */,
				41AD6B6027688885008BB91A /* testPushNotification.apns in Resources */,
				41B03937276C34AB00366478 /* ProfilePageViewController.xib in Resources */,
				4119B1AD275777FC0042AD0B /* Assets.xcassets in Resources */,
				41AD6B652768994E008BB91A /* MenuTableViewCell.xib in Resources */,
				4119B1AB275777FB0042AD0B /* Main.storyboard in Resources */,
				41AE63ED27705E2F0077C21F /* HistoryTableViewCell.xib in Resources */,
				4196A6CC27676B0F0084C7F5 /* MenuPageViewController.xib in Resources */,
			);
			runOnlyForDeploymentPostprocessing = 0;
		};
/* End PBXResourcesBuildPhase section */

/* Begin PBXShellScriptBuildPhase section */
		160A67AA1DFFD0E66DA826F0 /* [CP] Check Pods Manifest.lock */ = {
			isa = PBXShellScriptBuildPhase;
			buildActionMask = 2147483647;
			files = (
			);
			inputFileListPaths = (
			);
			inputPaths = (
				"${PODS_PODFILE_DIR_PATH}/Podfile.lock",
				"${PODS_ROOT}/Manifest.lock",
			);
			name = "[CP] Check Pods Manifest.lock";
			outputFileListPaths = (
			);
			outputPaths = (
				"$(DERIVED_FILE_DIR)/Pods-clockInOut-checkManifestLockResult.txt",
			);
			runOnlyForDeploymentPostprocessing = 0;
			shellPath = /bin/sh;
			shellScript = "diff \"${PODS_PODFILE_DIR_PATH}/Podfile.lock\" \"${PODS_ROOT}/Manifest.lock\" > /dev/null\nif [ $? != 0 ] ; then\n    # print error to STDERR\n    echo \"error: The sandbox is not in sync with the Podfile.lock. Run 'pod install' or update your CocoaPods installation.\" >&2\n    exit 1\nfi\n# This output is used by Xcode 'outputs' to avoid re-running this script phase.\necho \"SUCCESS\" > \"${SCRIPT_OUTPUT_FILE_0}\"\n";
			showEnvVarsInLog = 0;
		};
		9098135A12A832B501DF8964 /* [CP] Embed Pods Frameworks */ = {
			isa = PBXShellScriptBuildPhase;
			buildActionMask = 2147483647;
			files = (
			);
			inputFileListPaths = (
				"${PODS_ROOT}/Target Support Files/Pods-clockInOut/Pods-clockInOut-frameworks-${CONFIGURATION}-input-files.xcfilelist",
			);
			name = "[CP] Embed Pods Frameworks";
			outputFileListPaths = (
				"${PODS_ROOT}/Target Support Files/Pods-clockInOut/Pods-clockInOut-frameworks-${CONFIGURATION}-output-files.xcfilelist",
			);
			runOnlyForDeploymentPostprocessing = 0;
			shellPath = /bin/sh;
			shellScript = "\"${PODS_ROOT}/Target Support Files/Pods-clockInOut/Pods-clockInOut-frameworks.sh\"\n";
			showEnvVarsInLog = 0;
		};
/* End PBXShellScriptBuildPhase section */

/* Begin PBXSourcesBuildPhase section */
		4119B19C275777FA0042AD0B /* Sources */ = {
			isa = PBXSourcesBuildPhase;
			buildActionMask = 2147483647;
			files = (
				41AE63E3277048680077C21F /* HistoryPagePresenter.swift in Sources */,
				41AE63E5277048680077C21F /* HistoryPageViewController.swift in Sources */,
				41AE63EF27705F820077C21F /* HistoryPageEntity.swift in Sources */,
				4119B1CE275784CC0042AD0B /* LaunchPageInteractor.swift in Sources */,
				41B03933276C34AB00366478 /* ProfilePageRouter.swift in Sources */,
				4119B1DA27578C660042AD0B /* LoginPageRouter.swift in Sources */,
				41AE63E4277048680077C21F /* HistoryPageRouter.swift in Sources */,
				4196A6CB27676B0F0084C7F5 /* MenuPageInteractor.swift in Sources */,
				41B03934276C34AB00366478 /* ProfilePageViewController.swift in Sources */,
				4142993A2758D71D00049E93 /* MainPageRouter.swift in Sources */,
				4119B1DD27578C660042AD0B /* LoginPageInteractor.swift in Sources */,
				4119B1DB27578C660042AD0B /* LoginPageViewController.swift in Sources */,
				4119B1D927578C660042AD0B /* LoginPagePresenter.swift in Sources */,
				41AE63E7277048680077C21F /* HistoryPageInteractor.swift in Sources */,
				4119B1CA275784CC0042AD0B /* LaunchPagePresenter.swift in Sources */,
				4196A6CA27676B0F0084C7F5 /* MenuPageProtocols.swift in Sources */,
				4119B1CB275784CC0042AD0B /* LaunchPageRouter.swift in Sources */,
				41AD6B642768994E008BB91A /* MenuTableViewCell.swift in Sources */,
				41B03939276C4A6500366478 /* ProfilePageEntity.swift in Sources */,
				41B03936276C34AB00366478 /* ProfilePageInteractor.swift in Sources */,
				414299492758D78800049E93 /* RegisterPageViewController.swift in Sources */,
				4142993B2758D71D00049E93 /* MainPageViewController.swift in Sources */,
				41A95CD527759B320013E081 /* AlertService.swift in Sources */,
				4196A6C927676B0F0084C7F5 /* MenuPageViewController.swift in Sources */,
				4119B1A8275777FB0042AD0B /* ViewController.swift in Sources */,
				4142993D2758D71D00049E93 /* MainPageInteractor.swift in Sources */,
				414299472758D78800049E93 /* RegisterPagePresenter.swift in Sources */,
				4119B1CD275784CC0042AD0B /* LaunchPageProtocols.swift in Sources */,
				4119B1A4275777FB0042AD0B /* AppDelegate.swift in Sources */,
				414299392758D71D00049E93 /* MainPagePresenter.swift in Sources */,
				41AD6B6727689BEA008BB91A /* MenuPageEntity.swift in Sources */,
				4119B1CC275784CC0042AD0B /* LaunchPageViewController.swift in Sources */,
				41AE63EC27705E2F0077C21F /* HistoryTableViewCell.swift in Sources */,
				4142994A2758D78800049E93 /* RegisterPageProtocols.swift in Sources */,
				4196A6C727676B0F0084C7F5 /* MenuPagePresenter.swift in Sources */,
				4119B1DC27578C660042AD0B /* LoginPageProtocols.swift in Sources */,
				4196A6C827676B0F0084C7F5 /* MenuPageRouter.swift in Sources */,
				41AE63E6277048680077C21F /* HistoryPageProtocols.swift in Sources */,
				4142994B2758D78800049E93 /* RegisterPageInteractor.swift in Sources */,
				41B03932276C34AB00366478 /* ProfilePagePresenter.swift in Sources */,
				41B03935276C34AB00366478 /* ProfilePageProtocols.swift in Sources */,
				4119B1A6275777FB0042AD0B /* SceneDelegate.swift in Sources */,
				414299482758D78800049E93 /* RegisterPageRouter.swift in Sources */,
				4142993C2758D71D00049E93 /* MainPageProtocols.swift in Sources */,
				41ADFBBE278562FE003CABEB /* CustomTextField.swift in Sources */,
			);
			runOnlyForDeploymentPostprocessing = 0;
		};
/* End PBXSourcesBuildPhase section */

/* Begin PBXVariantGroup section */
		4119B1A9275777FB0042AD0B /* Main.storyboard */ = {
			isa = PBXVariantGroup;
			children = (
				4119B1AA275777FB0042AD0B /* Base */,
			);
			name = Main.storyboard;
			sourceTree = "<group>";
		};
		4119B1AE275777FC0042AD0B /* LaunchScreen.storyboard */ = {
			isa = PBXVariantGroup;
			children = (
				4119B1AF275777FC0042AD0B /* Base */,
			);
			name = LaunchScreen.storyboard;
			sourceTree = "<group>";
		};
/* End PBXVariantGroup section */

/* Begin XCBuildConfiguration section */
		4119B1B2275777FC0042AD0B /* Debug */ = {
			isa = XCBuildConfiguration;
			buildSettings = {
				ALWAYS_SEARCH_USER_PATHS = NO;
				CLANG_ANALYZER_NONNULL = YES;
				CLANG_ANALYZER_NUMBER_OBJECT_CONVERSION = YES_AGGRESSIVE;
				CLANG_CXX_LANGUAGE_STANDARD = "gnu++17";
				CLANG_CXX_LIBRARY = "libc++";
				CLANG_ENABLE_MODULES = YES;
				CLANG_ENABLE_OBJC_ARC = YES;
				CLANG_ENABLE_OBJC_WEAK = YES;
				CLANG_WARN_BLOCK_CAPTURE_AUTORELEASING = YES;
				CLANG_WARN_BOOL_CONVERSION = YES;
				CLANG_WARN_COMMA = YES;
				CLANG_WARN_CONSTANT_CONVERSION = YES;
				CLANG_WARN_DEPRECATED_OBJC_IMPLEMENTATIONS = YES;
				CLANG_WARN_DIRECT_OBJC_ISA_USAGE = YES_ERROR;
				CLANG_WARN_DOCUMENTATION_COMMENTS = YES;
				CLANG_WARN_EMPTY_BODY = YES;
				CLANG_WARN_ENUM_CONVERSION = YES;
				CLANG_WARN_INFINITE_RECURSION = YES;
				CLANG_WARN_INT_CONVERSION = YES;
				CLANG_WARN_NON_LITERAL_NULL_CONVERSION = YES;
				CLANG_WARN_OBJC_IMPLICIT_RETAIN_SELF = YES;
				CLANG_WARN_OBJC_LITERAL_CONVERSION = YES;
				CLANG_WARN_OBJC_ROOT_CLASS = YES_ERROR;
				CLANG_WARN_QUOTED_INCLUDE_IN_FRAMEWORK_HEADER = YES;
				CLANG_WARN_RANGE_LOOP_ANALYSIS = YES;
				CLANG_WARN_STRICT_PROTOTYPES = YES;
				CLANG_WARN_SUSPICIOUS_MOVE = YES;
				CLANG_WARN_UNGUARDED_AVAILABILITY = YES_AGGRESSIVE;
				CLANG_WARN_UNREACHABLE_CODE = YES;
				CLANG_WARN__DUPLICATE_METHOD_MATCH = YES;
				COPY_PHASE_STRIP = NO;
				DEBUG_INFORMATION_FORMAT = dwarf;
				ENABLE_STRICT_OBJC_MSGSEND = YES;
				ENABLE_TESTABILITY = YES;
				GCC_C_LANGUAGE_STANDARD = gnu11;
				GCC_DYNAMIC_NO_PIC = NO;
				GCC_NO_COMMON_BLOCKS = YES;
				GCC_OPTIMIZATION_LEVEL = 0;
				GCC_PREPROCESSOR_DEFINITIONS = (
					"DEBUG=1",
					"$(inherited)",
				);
				GCC_WARN_64_TO_32_BIT_CONVERSION = YES;
				GCC_WARN_ABOUT_RETURN_TYPE = YES_ERROR;
				GCC_WARN_UNDECLARED_SELECTOR = YES;
				GCC_WARN_UNINITIALIZED_AUTOS = YES_AGGRESSIVE;
				GCC_WARN_UNUSED_FUNCTION = YES;
				GCC_WARN_UNUSED_VARIABLE = YES;
				IPHONEOS_DEPLOYMENT_TARGET = 15.0;
				MTL_ENABLE_DEBUG_INFO = INCLUDE_SOURCE;
				MTL_FAST_MATH = YES;
				ONLY_ACTIVE_ARCH = YES;
				SDKROOT = iphoneos;
				SWIFT_ACTIVE_COMPILATION_CONDITIONS = DEBUG;
				SWIFT_OPTIMIZATION_LEVEL = "-Onone";
			};
			name = Debug;
		};
		4119B1B3275777FC0042AD0B /* Release */ = {
			isa = XCBuildConfiguration;
			buildSettings = {
				ALWAYS_SEARCH_USER_PATHS = NO;
				CLANG_ANALYZER_NONNULL = YES;
				CLANG_ANALYZER_NUMBER_OBJECT_CONVERSION = YES_AGGRESSIVE;
				CLANG_CXX_LANGUAGE_STANDARD = "gnu++17";
				CLANG_CXX_LIBRARY = "libc++";
				CLANG_ENABLE_MODULES = YES;
				CLANG_ENABLE_OBJC_ARC = YES;
				CLANG_ENABLE_OBJC_WEAK = YES;
				CLANG_WARN_BLOCK_CAPTURE_AUTORELEASING = YES;
				CLANG_WARN_BOOL_CONVERSION = YES;
				CLANG_WARN_COMMA = YES;
				CLANG_WARN_CONSTANT_CONVERSION = YES;
				CLANG_WARN_DEPRECATED_OBJC_IMPLEMENTATIONS = YES;
				CLANG_WARN_DIRECT_OBJC_ISA_USAGE = YES_ERROR;
				CLANG_WARN_DOCUMENTATION_COMMENTS = YES;
				CLANG_WARN_EMPTY_BODY = YES;
				CLANG_WARN_ENUM_CONVERSION = YES;
				CLANG_WARN_INFINITE_RECURSION = YES;
				CLANG_WARN_INT_CONVERSION = YES;
				CLANG_WARN_NON_LITERAL_NULL_CONVERSION = YES;
				CLANG_WARN_OBJC_IMPLICIT_RETAIN_SELF = YES;
				CLANG_WARN_OBJC_LITERAL_CONVERSION = YES;
				CLANG_WARN_OBJC_ROOT_CLASS = YES_ERROR;
				CLANG_WARN_QUOTED_INCLUDE_IN_FRAMEWORK_HEADER = YES;
				CLANG_WARN_RANGE_LOOP_ANALYSIS = YES;
				CLANG_WARN_STRICT_PROTOTYPES = YES;
				CLANG_WARN_SUSPICIOUS_MOVE = YES;
				CLANG_WARN_UNGUARDED_AVAILABILITY = YES_AGGRESSIVE;
				CLANG_WARN_UNREACHABLE_CODE = YES;
				CLANG_WARN__DUPLICATE_METHOD_MATCH = YES;
				COPY_PHASE_STRIP = NO;
				DEBUG_INFORMATION_FORMAT = "dwarf-with-dsym";
				ENABLE_NS_ASSERTIONS = NO;
				ENABLE_STRICT_OBJC_MSGSEND = YES;
				GCC_C_LANGUAGE_STANDARD = gnu11;
				GCC_NO_COMMON_BLOCKS = YES;
				GCC_WARN_64_TO_32_BIT_CONVERSION = YES;
				GCC_WARN_ABOUT_RETURN_TYPE = YES_ERROR;
				GCC_WARN_UNDECLARED_SELECTOR = YES;
				GCC_WARN_UNINITIALIZED_AUTOS = YES_AGGRESSIVE;
				GCC_WARN_UNUSED_FUNCTION = YES;
				GCC_WARN_UNUSED_VARIABLE = YES;
				IPHONEOS_DEPLOYMENT_TARGET = 15.0;
				MTL_ENABLE_DEBUG_INFO = NO;
				MTL_FAST_MATH = YES;
				SDKROOT = iphoneos;
				SWIFT_COMPILATION_MODE = wholemodule;
				SWIFT_OPTIMIZATION_LEVEL = "-O";
				VALIDATE_PRODUCT = YES;
			};
			name = Release;
		};
		4119B1B5275777FC0042AD0B /* Debug */ = {
			isa = XCBuildConfiguration;
			baseConfigurationReference = FA49B209AA4134F5079D0180 /* Pods-clockInOut.debug.xcconfig */;
			buildSettings = {
				ASSETCATALOG_COMPILER_APPICON_NAME = AppIcon;
				ASSETCATALOG_COMPILER_GLOBAL_ACCENT_COLOR_NAME = AccentColor;
				CODE_SIGN_ENTITLEMENTS = clockInOut/clockInOut.entitlements;
				CODE_SIGN_STYLE = Automatic;
				CURRENT_PROJECT_VERSION = 1;
				DEVELOPMENT_TEAM = 96775H948U;
				GENERATE_INFOPLIST_FILE = YES;
				INFOPLIST_FILE = clockInOut/Info.plist;
				INFOPLIST_KEY_CFBundleDisplayName = clockInOut;
				INFOPLIST_KEY_UIApplicationSupportsIndirectInputEvents = YES;
				INFOPLIST_KEY_UILaunchStoryboardName = LaunchScreen;
				INFOPLIST_KEY_UIMainStoryboardFile = Main;
				INFOPLIST_KEY_UIRequiresFullScreen = NO;
				INFOPLIST_KEY_UIStatusBarHidden = NO;
				INFOPLIST_KEY_UISupportedInterfaceOrientations = "";
				INFOPLIST_KEY_UISupportedInterfaceOrientations_iPad = "UIInterfaceOrientationPortrait UIInterfaceOrientationPortraitUpsideDown UIInterfaceOrientationLandscapeLeft UIInterfaceOrientationLandscapeRight";
				INFOPLIST_KEY_UISupportedInterfaceOrientations_iPhone = "UIInterfaceOrientationPortrait UIInterfaceOrientationLandscapeLeft UIInterfaceOrientationLandscapeRight";
				IPHONEOS_DEPLOYMENT_TARGET = 15.0;
				LD_RUNPATH_SEARCH_PATHS = (
					"$(inherited)",
					"@executable_path/Frameworks",
				);
				MARKETING_VERSION = 1.0;
				PRODUCT_BUNDLE_IDENTIFIER = com.app.clockinout;
				PRODUCT_NAME = "$(TARGET_NAME)";
				SWIFT_EMIT_LOC_STRINGS = YES;
				SWIFT_VERSION = 5.0;
				TARGETED_DEVICE_FAMILY = "1,2";
			};
			name = Debug;
		};
		4119B1B6275777FC0042AD0B /* Release */ = {
			isa = XCBuildConfiguration;
			baseConfigurationReference = 43E1732FF5FFAD808FF1C43D /* Pods-clockInOut.release.xcconfig */;
			buildSettings = {
				ASSETCATALOG_COMPILER_APPICON_NAME = AppIcon;
				ASSETCATALOG_COMPILER_GLOBAL_ACCENT_COLOR_NAME = AccentColor;
				CODE_SIGN_ENTITLEMENTS = clockInOut/clockInOut.entitlements;
				CODE_SIGN_STYLE = Automatic;
				CURRENT_PROJECT_VERSION = 1;
				DEVELOPMENT_TEAM = 96775H948U;
				GENERATE_INFOPLIST_FILE = YES;
				INFOPLIST_FILE = clockInOut/Info.plist;
				INFOPLIST_KEY_CFBundleDisplayName = clockInOut;
				INFOPLIST_KEY_UIApplicationSupportsIndirectInputEvents = YES;
				INFOPLIST_KEY_UILaunchStoryboardName = LaunchScreen;
				INFOPLIST_KEY_UIMainStoryboardFile = Main;
				INFOPLIST_KEY_UIRequiresFullScreen = NO;
				INFOPLIST_KEY_UIStatusBarHidden = NO;
				INFOPLIST_KEY_UISupportedInterfaceOrientations = "";
				INFOPLIST_KEY_UISupportedInterfaceOrientations_iPad = "UIInterfaceOrientationPortrait UIInterfaceOrientationPortraitUpsideDown UIInterfaceOrientationLandscapeLeft UIInterfaceOrientationLandscapeRight";
				INFOPLIST_KEY_UISupportedInterfaceOrientations_iPhone = "UIInterfaceOrientationPortrait UIInterfaceOrientationLandscapeLeft UIInterfaceOrientationLandscapeRight";
				IPHONEOS_DEPLOYMENT_TARGET = 15.0;
				LD_RUNPATH_SEARCH_PATHS = (
					"$(inherited)",
					"@executable_path/Frameworks",
				);
				MARKETING_VERSION = 1.0;
				PRODUCT_BUNDLE_IDENTIFIER = com.app.clockinout;
				PRODUCT_NAME = "$(TARGET_NAME)";
				SWIFT_EMIT_LOC_STRINGS = YES;
				SWIFT_VERSION = 5.0;
				TARGETED_DEVICE_FAMILY = "1,2";
			};
			name = Release;
		};
/* End XCBuildConfiguration section */

/* Begin XCConfigurationList section */
		4119B19B275777FA0042AD0B /* Build configuration list for PBXProject "clockInOut" */ = {
			isa = XCConfigurationList;
			buildConfigurations = (
				4119B1B2275777FC0042AD0B /* Debug */,
				4119B1B3275777FC0042AD0B /* Release */,
			);
			defaultConfigurationIsVisible = 0;
			defaultConfigurationName = Release;
		};
		4119B1B4275777FC0042AD0B /* Build configuration list for PBXNativeTarget "clockInOut" */ = {
			isa = XCConfigurationList;
			buildConfigurations = (
				4119B1B5275777FC0042AD0B /* Debug */,
				4119B1B6275777FC0042AD0B /* Release */,
			);
			defaultConfigurationIsVisible = 0;
			defaultConfigurationName = Release;
		};
/* End XCConfigurationList section */
	};
	rootObject = 4119B198275777FA0042AD0B /* Project object */;
}
